
Microsoft Visual Studio Solution File, Format Version 12.00
# Visual Studio Version 16
VisualStudioVersion = 16.0.29609.76
MinimumVisualStudioVersion = 10.0.40219.1
Project("{FAE04EC0-301F-11D3-BF4B-00C04F79EFBC}") = "1050Lab3", "1050Lab3\1050Lab3.csproj", "{9FBAF697-BE0F-4B92-9693-6C4BDB669946}"
EndProject
Global
	GlobalSection(SolutionConfigurationPlatforms) = preSolution
		Debug|Any CPU = Debug|Any CPU
		Release|Any CPU = Release|Any CPU
	EndGlobalSection
	GlobalSection(ProjectConfigurationPlatforms) = postSolution
		{9FBAF697-BE0F-4B92-9693-6C4BDB669946}.Debug|Any CPU.ActiveCfg = Debug|Any CPU
		{9FBAF697-BE0F-4B92-9693-6C4BDB669946}.Debug|Any CPU.Build.0 = Debug|Any CPU
		{9FBAF697-BE0F-4B92-9693-6C4BDB669946}.Release|Any CPU.ActiveCfg = Release|Any CPU
		{9FBAF697-BE0F-4B92-9693-6C4BDB669946}.Release|Any CPU.Build.0 = Release|Any CPU
	EndGlobalSection
	GlobalSection(SolutionProperties) = preSolution
		HideSolutionNode = FALSE
	EndGlobalSection
	GlobalSection(ExtensibilityGlobals) = postSolution
		SolutionGuid = {FECBE36E-81B6-43F2-8628-F3AC9AB8515C}
	EndGlobalSection
EndGlobal
